// !$*UTF8*$!
{
	archiveVersion = 1;
	classes = {
	};
	objectVersion = 77;
	objects = {

/* Begin PBXContainerItemProxy section */
		0D116E532D6FCBC4009FBCCD /* PBXContainerItemProxy */ = {
			isa = PBXContainerItemProxy;
			containerPortal = 0D116E382D6FCBC3009FBCCD /* Project object */;
			proxyType = 1;
			remoteGlobalIDString = 0D116E3F2D6FCBC3009FBCCD;
			remoteInfo = SaveLoope;
		};
		0D116E5D2D6FCBC4009FBCCD /* PBXContainerItemProxy */ = {
			isa = PBXContainerItemProxy;
			containerPortal = 0D116E382D6FCBC3009FBCCD /* Project object */;
			proxyType = 1;
			remoteGlobalIDString = 0D116E3F2D6FCBC3009FBCCD;
			remoteInfo = SaveLoope;
		};
/* End PBXContainerItemProxy section */

/* Begin PBXFileReference section */
		0D116E402D6FCBC3009FBCCD /* SaveLoope.app */ = {isa = PBXFileReference; explicitFileType = wrapper.application; includeInIndex = 0; path = SaveLoope.app; sourceTree = BUILT_PRODUCTS_DIR; };
		0D116E522D6FCBC4009FBCCD /* SaveLoopeTests.xctest */ = {isa = PBXFileReference; explicitFileType = wrapper.cfbundle; includeInIndex = 0; path = SaveLoopeTests.xctest; sourceTree = BUILT_PRODUCTS_DIR; };
		0D116E5C2D6FCBC4009FBCCD /* SaveLoopeUITests.xctest */ = {isa = PBXFileReference; explicitFileType = wrapper.cfbundle; includeInIndex = 0; path = SaveLoopeUITests.xctest; sourceTree = BUILT_PRODUCTS_DIR; };
/* End PBXFileReference section */

/* Begin PBXFileSystemSynchronizedRootGroup section */
		0D116E422D6FCBC3009FBCCD /* SaveLoope */ = {
			isa = PBXFileSystemSynchronizedRootGroup;
			path = SaveLoope;
			sourceTree = "<group>";
		};
		0D116E552D6FCBC4009FBCCD /* SaveLoopeTests */ = {
			isa = PBXFileSystemSynchronizedRootGroup;
			path = SaveLoopeTests;
			sourceTree = "<group>";
		};
		0D116E5F2D6FCBC4009FBCCD /* SaveLoopeUITests */ = {
			isa = PBXFileSystemSynchronizedRootGroup;
			path = SaveLoopeUITests;
			sourceTree = "<group>";
		};
/* End PBXFileSystemSynchronizedRootGroup section */

/* Begin PBXFrameworksBuildPhase section */
		0D116E3D2D6FCBC3009FBCCD /* Frameworks */ = {
			isa = PBXFrameworksBuildPhase;
			buildActionMask = 2147483647;
			files = (
			);
			runOnlyForDeploymentPostprocessing = 0;
		};
		0D116E4F2D6FCBC4009FBCCD /* Frameworks */ = {
			isa = PBXFrameworksBuildPhase;
			buildActionMask = 2147483647;
			files = (
			);
			runOnlyForDeploymentPostprocessing = 0;
		};
		0D116E592D6FCBC4009FBCCD /* Frameworks */ = {
			isa = PBXFrameworksBuildPhase;
			buildActionMask = 2147483647;
			files = (
			);
			runOnlyForDeploymentPostprocessing = 0;
		};
/* End PBXFrameworksBuildPhase section */

/* Begin PBXGroup section */
		0D116E372D6FCBC3009FBCCD = {
			isa = PBXGroup;
			children = (
				0D116E422D6FCBC3009FBCCD /* SaveLoope */,
				0D116E552D6FCBC4009FBCCD /* SaveLoopeTests */,
				0D116E5F2D6FCBC4009FBCCD /* SaveLoopeUITests */,
				0D116E412D6FCBC3009FBCCD /* Products */,
			);
			sourceTree = "<group>";
		};
		0D116E412D6FCBC3009FBCCD /* Products */ = {
			isa = PBXGroup;
			children = (
				0D116E402D6FCBC3009FBCCD /* SaveLoope.app */,
				0D116E522D6FCBC4009FBCCD /* SaveLoopeTests.xctest */,
				0D116E5C2D6FCBC4009FBCCD /* SaveLoopeUITests.xctest */,
			);
			name = Products;
			sourceTree = "<group>";
		};
/* End PBXGroup section */

/* Begin PBXNativeTarget section */
		0D116E3F2D6FCBC3009FBCCD /* SaveLoope */ = {
			isa = PBXNativeTarget;
			buildConfigurationList = 0D116E662D6FCBC4009FBCCD /* Build configuration list for PBXNativeTarget "SaveLoope" */;
			buildPhases = (
				0D116E3C2D6FCBC3009FBCCD /* Sources */,
				0D116E3D2D6FCBC3009FBCCD /* Frameworks */,
				0D116E3E2D6FCBC3009FBCCD /* Resources */,
			);
			buildRules = (
			);
			dependencies = (
			);
			fileSystemSynchronizedGroups = (
				0D116E422D6FCBC3009FBCCD /* SaveLoope */,
			);
			name = SaveLoope;
			packageProductDependencies = (
			);
			productName = SaveLoope;
			productReference = 0D116E402D6FCBC3009FBCCD /* SaveLoope.app */;
			productType = "com.apple.product-type.application";
		};
		0D116E512D6FCBC4009FBCCD /* SaveLoopeTests */ = {
			isa = PBXNativeTarget;
			buildConfigurationList = 0D116E692D6FCBC4009FBCCD /* Build configuration list for PBXNativeTarget "SaveLoopeTests" */;
			buildPhases = (
				0D116E4E2D6FCBC4009FBCCD /* Sources */,
				0D116E4F2D6FCBC4009FBCCD /* Frameworks */,
				0D116E502D6FCBC4009FBCCD /* Resources */,
			);
			buildRules = (
			);
			dependencies = (
				0D116E542D6FCBC4009FBCCD /* PBXTargetDependency */,
			);
			fileSystemSynchronizedGroups = (
				0D116E552D6FCBC4009FBCCD /* SaveLoopeTests */,
			);
			name = SaveLoopeTests;
			packageProductDependencies = (
			);
			productName = SaveLoopeTests;
			productReference = 0D116E522D6FCBC4009FBCCD /* SaveLoopeTests.xctest */;
			productType = "com.apple.product-type.bundle.unit-test";
		};
		0D116E5B2D6FCBC4009FBCCD /* SaveLoopeUITests */ = {
			isa = PBXNativeTarget;
			buildConfigurationList = 0D116E6C2D6FCBC4009FBCCD /* Build configuration list for PBXNativeTarget "SaveLoopeUITests" */;
			buildPhases = (
				0D116E582D6FCBC4009FBCCD /* Sources */,
				0D116E592D6FCBC4009FBCCD /* Frameworks */,
				0D116E5A2D6FCBC4009FBCCD /* Resources */,
			);
			buildRules = (
			);
			dependencies = (
				0D116E5E2D6FCBC4009FBCCD /* PBXTargetDependency */,
			);
			fileSystemSynchronizedGroups = (
				0D116E5F2D6FCBC4009FBCCD /* SaveLoopeUITests */,
			);
			name = SaveLoopeUITests;
			packageProductDependencies = (
			);
			productName = SaveLoopeUITests;
			productReference = 0D116E5C2D6FCBC4009FBCCD /* SaveLoopeUITests.xctest */;
			productType = "com.apple.product-type.bundle.ui-testing";
		};
/* End PBXNativeTarget section */

/* Begin PBXProject section */
		0D116E382D6FCBC3009FBCCD /* Project object */ = {
			isa = PBXProject;
			attributes = {
				BuildIndependentTargetsInParallel = 1;
				LastSwiftUpdateCheck = 1620;
				LastUpgradeCheck = 1620;
				TargetAttributes = {
					0D116E3F2D6FCBC3009FBCCD = {
						CreatedOnToolsVersion = 16.2;
					};
					0D116E512D6FCBC4009FBCCD = {
						CreatedOnToolsVersion = 16.2;
						TestTargetID = 0D116E3F2D6FCBC3009FBCCD;
					};
					0D116E5B2D6FCBC4009FBCCD = {
						CreatedOnToolsVersion = 16.2;
						TestTargetID = 0D116E3F2D6FCBC3009FBCCD;
					};
				};
			};
			buildConfigurationList = 0D116E3B2D6FCBC3009FBCCD /* Build configuration list for PBXProject "SaveLoope" */;
			developmentRegion = en;
			hasScannedForEncodings = 0;
			knownRegions = (
				en,
				Base,
			);
			mainGroup = 0D116E372D6FCBC3009FBCCD;
			minimizedProjectReferenceProxies = 1;
			preferredProjectObjectVersion = 77;
			productRefGroup = 0D116E412D6FCBC3009FBCCD /* Products */;
			projectDirPath = "";
			projectRoot = "";
			targets = (
				0D116E3F2D6FCBC3009FBCCD /* SaveLoope */,
				0D116E512D6FCBC4009FBCCD /* SaveLoopeTests */,
				0D116E5B2D6FCBC4009FBCCD /* SaveLoopeUITests */,
			);
		};
/* End PBXProject section */

/* Begin PBXResourcesBuildPhase section */
		0D116E3E2D6FCBC3009FBCCD /* Resources */ = {
			isa = PBXResourcesBuildPhase;
			buildActionMask = 2147483647;
			files = (
			);
			runOnlyForDeploymentPostprocessing = 0;
		};
		0D116E502D6FCBC4009FBCCD /* Resources */ = {
			isa = PBXResourcesBuildPhase;
			buildActionMask = 2147483647;
			files = (
			);
			runOnlyForDeploymentPostprocessing = 0;
		};
		0D116E5A2D6FCBC4009FBCCD /* Resources */ = {
			isa = PBXResourcesBuildPhase;
			buildActionMask = 2147483647;
			files = (
			);
			runOnlyForDeploymentPostprocessing = 0;
		};
/* End PBXResourcesBuildPhase section */

/* Begin PBXSourcesBuildPhase section */
		0D116E3C2D6FCBC3009FBCCD /* Sources */ = {
			isa = PBXSourcesBuildPhase;
			buildActionMask = 2147483647;
			files = (
			);
			runOnlyForDeploymentPostprocessing = 0;
		};
		0D116E4E2D6FCBC4009FBCCD /* Sources */ = {
			isa = PBXSourcesBuildPhase;
			buildActionMask = 2147483647;
			files = (
			);
			runOnlyForDeploymentPostprocessing = 0;
		};
		0D116E582D6FCBC4009FBCCD /* Sources */ = {
			isa = PBXSourcesBuildPhase;
			buildActionMask = 2147483647;
			files = (
			);
			runOnlyForDeploymentPostprocessing = 0;
		};
/* End PBXSourcesBuildPhase section */

/* Begin PBXTargetDependency section */
		0D116E542D6FCBC4009FBCCD /* PBXTargetDependency */ = {
			isa = PBXTargetDependency;
			target = 0D116E3F2D6FCBC3009FBCCD /* SaveLoope */;
			targetProxy = 0D116E532D6FCBC4009FBCCD /* PBXContainerItemProxy */;
		};
		0D116E5E2D6FCBC4009FBCCD /* PBXTargetDependency */ = {
			isa = PBXTargetDependency;
			target = 0D116E3F2D6FCBC3009FBCCD /* SaveLoope */;
			targetProxy = 0D116E5D2D6FCBC4009FBCCD /* PBXContainerItemProxy */;
		};
/* End PBXTargetDependency section */

/* Begin XCBuildConfiguration section */
		0D116E642D6FCBC4009FBCCD /* Debug */ = {
			isa = XCBuildConfiguration;
			buildSettings = {
				ALWAYS_SEARCH_USER_PATHS = NO;
				ASSETCATALOG_COMPILER_GENERATE_SWIFT_ASSET_SYMBOL_EXTENSIONS = YES;
				CLANG_ANALYZER_NONNULL = YES;
				CLANG_ANALYZER_NUMBER_OBJECT_CONVERSION = YES_AGGRESSIVE;
				CLANG_CXX_LANGUAGE_STANDARD = "gnu++20";
				CLANG_ENABLE_MODULES = YES;
				CLANG_ENABLE_OBJC_ARC = YES;
				CLANG_ENABLE_OBJC_WEAK = YES;
				CLANG_WARN_BLOCK_CAPTURE_AUTORELEASING = YES;
				CLANG_WARN_BOOL_CONVERSION = YES;
				CLANG_WARN_COMMA = YES;
				CLANG_WARN_CONSTANT_CONVERSION = YES;
				CLANG_WARN_DEPRECATED_OBJC_IMPLEMENTATIONS = YES;
				CLANG_WARN_DIRECT_OBJC_ISA_USAGE = YES_ERROR;
				CLANG_WARN_DOCUMENTATION_COMMENTS = YES;
				CLANG_WARN_EMPTY_BODY = YES;
				CLANG_WARN_ENUM_CONVERSION = YES;
				CLANG_WARN_INFINITE_RECURSION = YES;
				CLANG_WARN_INT_CONVERSION = YES;
				CLANG_WARN_NON_LITERAL_NULL_CONVERSION = YES;
				CLANG_WARN_OBJC_IMPLICIT_RETAIN_SELF = YES;
				CLANG_WARN_OBJC_LITERAL_CONVERSION = YES;
				CLANG_WARN_OBJC_ROOT_CLASS = YES_ERROR;
				CLANG_WARN_QUOTED_INCLUDE_IN_FRAMEWORK_HEADER = YES;
				CLANG_WARN_RANGE_LOOP_ANALYSIS = YES;
				CLANG_WARN_STRICT_PROTOTYPES = YES;
				CLANG_WARN_SUSPICIOUS_MOVE = YES;
				CLANG_WARN_UNGUARDED_AVAILABILITY = YES_AGGRESSIVE;
				CLANG_WARN_UNREACHABLE_CODE = YES;
				CLANG_WARN__DUPLICATE_METHOD_MATCH = YES;
				COPY_PHASE_STRIP = NO;
				DEBUG_INFORMATION_FORMAT = dwarf;
				ENABLE_STRICT_OBJC_MSGSEND = YES;
				ENABLE_TESTABILITY = YES;
				ENABLE_USER_SCRIPT_SANDBOXING = YES;
				GCC_C_LANGUAGE_STANDARD = gnu17;
				GCC_DYNAMIC_NO_PIC = NO;
				GCC_NO_COMMON_BLOCKS = YES;
				GCC_OPTIMIZATION_LEVEL = 0;
				GCC_PREPROCESSOR_DEFINITIONS = (
					"DEBUG=1",
					"$(inherited)",
				);
				GCC_WARN_64_TO_32_BIT_CONVERSION = YES;
				GCC_WARN_ABOUT_RETURN_TYPE = YES_ERROR;
				GCC_WARN_UNDECLARED_SELECTOR = YES;
				GCC_WARN_UNINITIALIZED_AUTOS = YES_AGGRESSIVE;
				GCC_WARN_UNUSED_FUNCTION = YES;
				GCC_WARN_UNUSED_VARIABLE = YES;
				IPHONEOS_DEPLOYMENT_TARGET = 18.2;
				LOCALIZATION_PREFERS_STRING_CATALOGS = YES;
				MTL_ENABLE_DEBUG_INFO = INCLUDE_SOURCE;
				MTL_FAST_MATH = YES;
				ONLY_ACTIVE_ARCH = YES;
				SDKROOT = iphoneos;
				SWIFT_ACTIVE_COMPILATION_CONDITIONS = "DEBUG $(inherited)";
				SWIFT_OPTIMIZATION_LEVEL = "-Onone";
			};
			name = Debug;
		};
		0D116E652D6FCBC4009FBCCD /* Release */ = {
			isa = XCBuildConfiguration;
			buildSettings = {
				ALWAYS_SEARCH_USER_PATHS = NO;
				ASSETCATALOG_COMPILER_GENERATE_SWIFT_ASSET_SYMBOL_EXTENSIONS = YES;
				CLANG_ANALYZER_NONNULL = YES;
				CLANG_ANALYZER_NUMBER_OBJECT_CONVERSION = YES_AGGRESSIVE;
				CLANG_CXX_LANGUAGE_STANDARD = "gnu++20";
				CLANG_ENABLE_MODULES = YES;
				CLANG_ENABLE_OBJC_ARC = YES;
				CLANG_ENABLE_OBJC_WEAK = YES;
				CLANG_WARN_BLOCK_CAPTURE_AUTORELEASING = YES;
				CLANG_WARN_BOOL_CONVERSION = YES;
				CLANG_WARN_COMMA = YES;
				CLANG_WARN_CONSTANT_CONVERSION = YES;
				CLANG_WARN_DEPRECATED_OBJC_IMPLEMENTATIONS = YES;
				CLANG_WARN_DIRECT_OBJC_ISA_USAGE = YES_ERROR;
				CLANG_WARN_DOCUMENTATION_COMMENTS = YES;
				CLANG_WARN_EMPTY_BODY = YES;
				CLANG_WARN_ENUM_CONVERSION = YES;
				CLANG_WARN_INFINITE_RECURSION = YES;
				CLANG_WARN_INT_CONVERSION = YES;
				CLANG_WARN_NON_LITERAL_NULL_CONVERSION = YES;
				CLANG_WARN_OBJC_IMPLICIT_RETAIN_SELF = YES;
				CLANG_WARN_OBJC_LITERAL_CONVERSION = YES;
				CLANG_WARN_OBJC_ROOT_CLASS = YES_ERROR;
				CLANG_WARN_QUOTED_INCLUDE_IN_FRAMEWORK_HEADER = YES;
				CLANG_WARN_RANGE_LOOP_ANALYSIS = YES;
				CLANG_WARN_STRICT_PROTOTYPES = YES;
				CLANG_WARN_SUSPICIOUS_MOVE = YES;
				CLANG_WARN_UNGUARDED_AVAILABILITY = YES_AGGRESSIVE;
				CLANG_WARN_UNREACHABLE_CODE = YES;
				CLANG_WARN__DUPLICATE_METHOD_MATCH = YES;
				COPY_PHASE_STRIP = NO;
				DEBUG_INFORMATION_FORMAT = "dwarf-with-dsym";
				ENABLE_NS_ASSERTIONS = NO;
				ENABLE_STRICT_OBJC_MSGSEND = YES;
				ENABLE_USER_SCRIPT_SANDBOXING = YES;
				GCC_C_LANGUAGE_STANDARD = gnu17;
				GCC_NO_COMMON_BLOCKS = YES;
				GCC_WARN_64_TO_32_BIT_CONVERSION = YES;
				GCC_WARN_ABOUT_RETURN_TYPE = YES_ERROR;
				GCC_WARN_UNDECLARED_SELECTOR = YES;
				GCC_WARN_UNINITIALIZED_AUTOS = YES_AGGRESSIVE;
				GCC_WARN_UNUSED_FUNCTION = YES;
				GCC_WARN_UNUSED_VARIABLE = YES;
				IPHONEOS_DEPLOYMENT_TARGET = 18.2;
				LOCALIZATION_PREFERS_STRING_CATALOGS = YES;
				MTL_ENABLE_DEBUG_INFO = NO;
				MTL_FAST_MATH = YES;
				SDKROOT = iphoneos;
				SWIFT_COMPILATION_MODE = wholemodule;
				VALIDATE_PRODUCT = YES;
			};
			name = Release;
		};
		0D116E672D6FCBC4009FBCCD /* Debug */ = {
			isa = XCBuildConfiguration;
			buildSettings = {
				ASSETCATALOG_COMPILER_APPICON_NAME = AppIcon;
				ASSETCATALOG_COMPILER_GLOBAL_ACCENT_COLOR_NAME = AccentColor;
				CODE_SIGN_STYLE = Automatic;
				CURRENT_PROJECT_VERSION = 1;
				DEVELOPMENT_ASSET_PATHS = "\"SaveLoope/Preview Content\"";
				DEVELOPMENT_TEAM = T4M724FLA6;
				ENABLE_PREVIEWS = YES;
				GENERATE_INFOPLIST_FILE = YES;
				INFOPLIST_KEY_CFBundleDisplayName = "봉투부";
				INFOPLIST_KEY_UIApplicationSceneManifest_Generation = YES;
				INFOPLIST_KEY_UIApplicationSupportsIndirectInputEvents = YES;
				INFOPLIST_KEY_UILaunchScreen_Generation = YES;
				INFOPLIST_KEY_UISupportedInterfaceOrientations_iPad = "UIInterfaceOrientationPortrait UIInterfaceOrientationPortraitUpsideDown UIInterfaceOrientationLandscapeLeft UIInterfaceOrientationLandscapeRight";
				INFOPLIST_KEY_UISupportedInterfaceOrientations_iPhone = "UIInterfaceOrientationPortrait UIInterfaceOrientationLandscapeLeft UIInterfaceOrientationLandscapeRight";
				LD_RUNPATH_SEARCH_PATHS = (
					"$(inherited)",
					"@executable_path/Frameworks",
				);
				MARKETING_VERSION = 1.0;
				PRODUCT_BUNDLE_IDENTIFIER = dev.taeseong.SaveLoope;
				PRODUCT_NAME = "$(TARGET_NAME)";
				SWIFT_EMIT_LOC_STRINGS = YES;
				SWIFT_VERSION = 5.0;
				TARGETED_DEVICE_FAMILY = "1,2";
			};
			name = Debug;
		};
		0D116E682D6FCBC4009FBCCD /* Release */ = {
			isa = XCBuildConfiguration;
			buildSettings = {
				ASSETCATALOG_COMPILER_APPICON_NAME = AppIcon;
				ASSETCATALOG_COMPILER_GLOBAL_ACCENT_COLOR_NAME = AccentColor;
				CODE_SIGN_STYLE = Automatic;
				CURRENT_PROJECT_VERSION = 1;
				DEVELOPMENT_ASSET_PATHS = "\"SaveLoope/Preview Content\"";
				DEVELOPMENT_TEAM = T4M724FLA6;
				ENABLE_PREVIEWS = YES;
				GENERATE_INFOPLIST_FILE = YES;
				INFOPLIST_KEY_CFBundleDisplayName = "봉투부";
				INFOPLIST_KEY_UIApplicationSceneManifest_Generation = YES;
				INFOPLIST_KEY_UIApplicationSupportsIndirectInputEvents = YES;
				INFOPLIST_KEY_UILaunchScreen_Generation = YES;
				INFOPLIST_KEY_UISupportedInterfaceOrientations_iPad = "UIInterfaceOrientationPortrait UIInterfaceOrientationPortraitUpsideDown UIInterfaceOrientationLandscapeLeft UIInterfaceOrientationLandscapeRight";
				INFOPLIST_KEY_UISupportedInterfaceOrientations_iPhone = "UIInterfaceOrientationPortrait UIInterfaceOrientationLandscapeLeft UIInterfaceOrientationLandscapeRight";
				LD_RUNPATH_SEARCH_PATHS = (
					"$(inherited)",
					"@executable_path/Frameworks",
				);
				MARKETING_VERSION = 1.0;
				PRODUCT_BUNDLE_IDENTIFIER = dev.taeseong.SaveLoope;
				PRODUCT_NAME = "$(TARGET_NAME)";
				SWIFT_EMIT_LOC_STRINGS = YES;
				SWIFT_VERSION = 5.0;
				TARGETED_DEVICE_FAMILY = "1,2";
			};
			name = Release;
		};
		0D116E6A2D6FCBC4009FBCCD /* Debug */ = {
			isa = XCBuildConfiguration;
			buildSettings = {
				BUNDLE_LOADER = "$(TEST_HOST)";
				CODE_SIGN_STYLE = Automatic;
				CURRENT_PROJECT_VERSION = 1;
				DEVELOPMENT_TEAM = T4M724FLA6;
				GENERATE_INFOPLIST_FILE = YES;
				IPHONEOS_DEPLOYMENT_TARGET = 18.2;
				MARKETING_VERSION = 1.0;
				PRODUCT_BUNDLE_IDENTIFIER = dev.taeseong.SaveLoopeTests;
				PRODUCT_NAME = "$(TARGET_NAME)";
				SWIFT_EMIT_LOC_STRINGS = NO;
				SWIFT_VERSION = 5.0;
				TARGETED_DEVICE_FAMILY = "1,2";
				TEST_HOST = "$(BUILT_PRODUCTS_DIR)/SaveLoope.app/$(BUNDLE_EXECUTABLE_FOLDER_PATH)/SaveLoope";
			};
			name = Debug;
		};
		0D116E6B2D6FCBC4009FBCCD /* Release */ = {
			isa = XCBuildConfiguration;
			buildSettings = {
				BUNDLE_LOADER = "$(TEST_HOST)";
				CODE_SIGN_STYLE = Automatic;
				CURRENT_PROJECT_VERSION = 1;
				DEVELOPMENT_TEAM = T4M724FLA6;
				GENERATE_INFOPLIST_FILE = YES;
				IPHONEOS_DEPLOYMENT_TARGET = 18.2;
				MARKETING_VERSION = 1.0;
				PRODUCT_BUNDLE_IDENTIFIER = dev.taeseong.SaveLoopeTests;
				PRODUCT_NAME = "$(TARGET_NAME)";
				SWIFT_EMIT_LOC_STRINGS = NO;
				SWIFT_VERSION = 5.0;
				TARGETED_DEVICE_FAMILY = "1,2";
				TEST_HOST = "$(BUILT_PRODUCTS_DIR)/SaveLoope.app/$(BUNDLE_EXECUTABLE_FOLDER_PATH)/SaveLoope";
			};
			name = Release;
		};
		0D116E6D2D6FCBC4009FBCCD /* Debug */ = {
			isa = XCBuildConfiguration;
			buildSettings = {
				CODE_SIGN_STYLE = Automatic;
				CURRENT_PROJECT_VERSION = 1;
				DEVELOPMENT_TEAM = T4M724FLA6;
				GENERATE_INFOPLIST_FILE = YES;
				MARKETING_VERSION = 1.0;
				PRODUCT_BUNDLE_IDENTIFIER = dev.taeseong.SaveLoopeUITests;
				PRODUCT_NAME = "$(TARGET_NAME)";
				SWIFT_EMIT_LOC_STRINGS = NO;
				SWIFT_VERSION = 5.0;
				TARGETED_DEVICE_FAMILY = "1,2";
				TEST_TARGET_NAME = SaveLoope;
			};
			name = Debug;
		};
		0D116E6E2D6FCBC4009FBCCD /* Release */ = {
			isa = XCBuildConfiguration;
			buildSettings = {
				CODE_SIGN_STYLE = Automatic;
				CURRENT_PROJECT_VERSION = 1;
				DEVELOPMENT_TEAM = T4M724FLA6;
				GENERATE_INFOPLIST_FILE = YES;
				MARKETING_VERSION = 1.0;
				PRODUCT_BUNDLE_IDENTIFIER = dev.taeseong.SaveLoopeUITests;
				PRODUCT_NAME = "$(TARGET_NAME)";
				SWIFT_EMIT_LOC_STRINGS = NO;
				SWIFT_VERSION = 5.0;
				TARGETED_DEVICE_FAMILY = "1,2";
				TEST_TARGET_NAME = SaveLoope;
			};
			name = Release;
		};
/* End XCBuildConfiguration section */

/* Begin XCConfigurationList section */
		0D116E3B2D6FCBC3009FBCCD /* Build configuration list for PBXProject "SaveLoope" */ = {
			isa = XCConfigurationList;
			buildConfigurations = (
				0D116E642D6FCBC4009FBCCD /* Debug */,
				0D116E652D6FCBC4009FBCCD /* Release */,
			);
			defaultConfigurationIsVisible = 0;
			defaultConfigurationName = Release;
		};
		0D116E662D6FCBC4009FBCCD /* Build configuration list for PBXNativeTarget "SaveLoope" */ = {
			isa = XCConfigurationList;
			buildConfigurations = (
				0D116E672D6FCBC4009FBCCD /* Debug */,
				0D116E682D6FCBC4009FBCCD /* Release */,
			);
			defaultConfigurationIsVisible = 0;
			defaultConfigurationName = Release;
		};
		0D116E692D6FCBC4009FBCCD /* Build configuration list for PBXNativeTarget "SaveLoopeTests" */ = {
			isa = XCConfigurationList;
			buildConfigurations = (
				0D116E6A2D6FCBC4009FBCCD /* Debug */,
				0D116E6B2D6FCBC4009FBCCD /* Release */,
			);
			defaultConfigurationIsVisible = 0;
			defaultConfigurationName = Release;
		};
		0D116E6C2D6FCBC4009FBCCD /* Build configuration list for PBXNativeTarget "SaveLoopeUITests" */ = {
			isa = XCConfigurationList;
			buildConfigurations = (
				0D116E6D2D6FCBC4009FBCCD /* Debug */,
				0D116E6E2D6FCBC4009FBCCD /* Release */,
			);
			defaultConfigurationIsVisible = 0;
			defaultConfigurationName = Release;
		};
/* End XCConfigurationList section */
	};
	rootObject = 0D116E382D6FCBC3009FBCCD /* Project object */;
}
